
Microsoft Visual Studio Solution File, Format Version 12.00
# Visual Studio Version 16
VisualStudioVersion = 16.0.29609.76
MinimumVisualStudioVersion = 10.0.40219.1
Project("{9A19103F-16F7-4668-BE54-9A1E7A4F7556}") = "Study4.Security.Utility.Test", "Study4.Security.Validation\Study4.Security.Utility.Test.csproj", "{CA15F7D1-9E84-4186-AB26-BB270DD93B45}"
EndProject
Project("{FAE04EC0-301F-11D3-BF4B-00C04F79EFBC}") = "Study4.Security.Utility", "Study4.Security.Utility\Study4.Security.Utility.csproj", "{91178F28-EBDB-408E-BF7D-32D5C41CBF0A}"
EndProject
Global
	GlobalSection(SolutionConfigurationPlatforms) = preSolution
		Debug|Any CPU = Debug|Any CPU
		Release|Any CPU = Release|Any CPU
	EndGlobalSection
	GlobalSection(ProjectConfigurationPlatforms) = postSolution
		{CA15F7D1-9E84-4186-AB26-BB270DD93B45}.Debug|Any CPU.ActiveCfg = Debug|Any CPU
		{CA15F7D1-9E84-4186-AB26-BB270DD93B45}.Debug|Any CPU.Build.0 = Debug|Any CPU
		{CA15F7D1-9E84-4186-AB26-BB270DD93B45}.Release|Any CPU.ActiveCfg = Release|Any CPU
		{CA15F7D1-9E84-4186-AB26-BB270DD93B45}.Release|Any CPU.Build.0 = Release|Any CPU
		{91178F28-EBDB-408E-BF7D-32D5C41CBF0A}.Debug|Any CPU.ActiveCfg = Debug|Any CPU
		{91178F28-EBDB-408E-BF7D-32D5C41CBF0A}.Debug|Any CPU.Build.0 = Debug|Any CPU
		{91178F28-EBDB-408E-BF7D-32D5C41CBF0A}.Release|Any CPU.ActiveCfg = Release|Any CPU
		{91178F28-EBDB-408E-BF7D-32D5C41CBF0A}.Release|Any CPU.Build.0 = Release|Any CPU
	EndGlobalSection
	GlobalSection(SolutionProperties) = preSolution
		HideSolutionNode = FALSE
	EndGlobalSection
	GlobalSection(ExtensibilityGlobals) = postSolution
		SolutionGuid = {8CFA0923-4915-4A64-806E-7E958C69018A}
	EndGlobalSection
EndGlobal
